
Microsoft Visual Studio Solution File, Format Version 12.00
# Visual Studio 2013
VisualStudioVersion = 12.0.31101.0
MinimumVisualStudioVersion = 10.0.40219.1
Project("{FAE04EC0-301F-11D3-BF4B-00C04F79EFBC}") = "Moth", "Moth\Moth.csproj", "{4BB12DD8-F5EE-4C2D-A750-564C0FF5394A}"
EndProject
Project("{2150E333-8FDC-42A3-9474-1A3956D46DE8}") = "Solution Items", "Solution Items", "{0A08B62B-FD73-4899-B2B7-A7F43F8C1940}"
	ProjectSection(SolutionItems) = preProject
		README.md = README.md
	EndProjectSection
EndProject
Project("{FAE04EC0-301F-11D3-BF4B-00C04F79EFBC}") = "Moth.Linq", "Moth.Linq\Moth.Linq.csproj", "{361918CF-F6EF-48C8-B5E7-C8A34E888BF7}"
EndProject
Global
	GlobalSection(SolutionConfigurationPlatforms) = preSolution
		Debug|Any CPU = Debug|Any CPU
		Release|Any CPU = Release|Any CPU
	EndGlobalSection
	GlobalSection(ProjectConfigurationPlatforms) = postSolution
		{4BB12DD8-F5EE-4C2D-A750-564C0FF5394A}.Debug|Any CPU.ActiveCfg = Debug|Any CPU
		{4BB12DD8-F5EE-4C2D-A750-564C0FF5394A}.Debug|Any CPU.Build.0 = Debug|Any CPU
		{4BB12DD8-F5EE-4C2D-A750-564C0FF5394A}.Release|Any CPU.ActiveCfg = Release|Any CPU
		{4BB12DD8-F5EE-4C2D-A750-564C0FF5394A}.Release|Any CPU.Build.0 = Release|Any CPU
		{361918CF-F6EF-48C8-B5E7-C8A34E888BF7}.Debug|Any CPU.ActiveCfg = Debug|Any CPU
		{361918CF-F6EF-48C8-B5E7-C8A34E888BF7}.Debug|Any CPU.Build.0 = Debug|Any CPU
		{361918CF-F6EF-48C8-B5E7-C8A34E888BF7}.Release|Any CPU.ActiveCfg = Release|Any CPU
		{361918CF-F6EF-48C8-B5E7-C8A34E888BF7}.Release|Any CPU.Build.0 = Release|Any CPU
	EndGlobalSection
	GlobalSection(SolutionProperties) = preSolution
		HideSolutionNode = FALSE
	EndGlobalSection
EndGlobal
